// !$*UTF8*$!
{
	archiveVersion = 1;
	classes = {
	};
	objectVersion = 46;
	objects = {

/* Begin PBXBuildFile section */
		1F1E67081E6544C30099A8A1 /* main.m in Sources */ = {isa = PBXBuildFile; fileRef = 1F1E67071E6544C30099A8A1 /* main.m */; };
		1F1E670B1E6544C30099A8A1 /* AppDelegate.m in Sources */ = {isa = PBXBuildFile; fileRef = 1F1E670A1E6544C30099A8A1 /* AppDelegate.m */; };
		1F1E670E1E6544C30099A8A1 /* ViewController.m in Sources */ = {isa = PBXBuildFile; fileRef = 1F1E670D1E6544C30099A8A1 /* ViewController.m */; };
		1F1E67111E6544C30099A8A1 /* Main.storyboard in Resources */ = {isa = PBXBuildFile; fileRef = 1F1E670F1E6544C30099A8A1 /* Main.storyboard */; };
		1F1E67131E6544C30099A8A1 /* Assets.xcassets in Resources */ = {isa = PBXBuildFile; fileRef = 1F1E67121E6544C30099A8A1 /* Assets.xcassets */; };
		1F1E67161E6544C30099A8A1 /* LaunchScreen.storyboard in Resources */ = {isa = PBXBuildFile; fileRef = 1F1E67141E6544C30099A8A1 /* LaunchScreen.storyboard */; };
		1F1E67211E6544C30099A8A1 /* NSAssertUITests.m in Sources */ = {isa = PBXBuildFile; fileRef = 1F1E67201E6544C30099A8A1 /* NSAssertUITests.m */; };
		1F1E672D1E6546BA0099A8A1 /* MyAssertHandler.m in Sources */ = {isa = PBXBuildFile; fileRef = 1F1E672C1E6546BA0099A8A1 /* MyAssertHandler.m */; };
/* End PBXBuildFile section */

/* Begin PBXContainerItemProxy section */
		1F1E671D1E6544C30099A8A1 /* PBXContainerItemProxy */ = {
			isa = PBXContainerItemProxy;
			containerPortal = 1F1E66FB1E6544C30099A8A1 /* Project object */;
			proxyType = 1;
			remoteGlobalIDString = 1F1E67021E6544C30099A8A1;
			remoteInfo = NSAssert;
		};
/* End PBXContainerItemProxy section */

/* Begin PBXFileReference section */
		1F1E67031E6544C30099A8A1 /* NSAssert.app */ = {isa = PBXFileReference; explicitFileType = wrapper.application; includeInIndex = 0; path = NSAssert.app; sourceTree = BUILT_PRODUCTS_DIR; };
		1F1E67071E6544C30099A8A1 /* main.m */ = {isa = PBXFileReference; lastKnownFileType = sourcecode.c.objc; path = main.m; sourceTree = "<group>"; };
		1F1E67091E6544C30099A8A1 /* AppDelegate.h */ = {isa = PBXFileReference; lastKnownFileType = sourcecode.c.h; path = AppDelegate.h; sourceTree = "<group>"; };
		1F1E670A1E6544C30099A8A1 /* AppDelegate.m */ = {isa = PBXFileReference; lastKnownFileType = sourcecode.c.objc; path = AppDelegate.m; sourceTree = "<group>"; };
		1F1E670C1E6544C30099A8A1 /* ViewController.h */ = {isa = PBXFileReference; lastKnownFileType = sourcecode.c.h; path = ViewController.h; sourceTree = "<group>"; };
		1F1E670D1E6544C30099A8A1 /* ViewController.m */ = {isa = PBXFileReference; lastKnownFileType = sourcecode.c.objc; path = ViewController.m; sourceTree = "<group>"; };
		1F1E67101E6544C30099A8A1 /* Base */ = {isa = PBXFileReference; lastKnownFileType = file.storyboard; name = Base; path = Base.lproj/Main.storyboard; sourceTree = "<group>"; };
		1F1E67121E6544C30099A8A1 /* Assets.xcassets */ = {isa = PBXFileReference; lastKnownFileType = folder.assetcatalog; path = Assets.xcassets; sourceTree = "<group>"; };
		1F1E67151E6544C30099A8A1 /* Base */ = {isa = PBXFileReference; lastKnownFileType = file.storyboard; name = Base; path = Base.lproj/LaunchScreen.storyboard; sourceTree = "<group>"; };
		1F1E67171E6544C30099A8A1 /* Info.plist */ = {isa = PBXFileReference; lastKnownFileType = text.plist.xml; path = Info.plist; sourceTree = "<group>"; };
		1F1E671C1E6544C30099A8A1 /* NSAssertUITests.xctest */ = {isa = PBXFileReference; explicitFileType = wrapper.cfbundle; includeInIndex = 0; path = NSAssertUITests.xctest; sourceTree = BUILT_PRODUCTS_DIR; };
		1F1E67201E6544C30099A8A1 /* NSAssertUITests.m */ = {isa = PBXFileReference; lastKnownFileType = sourcecode.c.objc; path = NSAssertUITests.m; sourceTree = "<group>"; };
		1F1E67221E6544C30099A8A1 /* Info.plist */ = {isa = PBXFileReference; lastKnownFileType = text.plist.xml; path = Info.plist; sourceTree = "<group>"; };
		1F1E672B1E6546BA0099A8A1 /* MyAssertHandler.h */ = {isa = PBXFileReference; fileEncoding = 4; lastKnownFileType = sourcecode.c.h; path = MyAssertHandler.h; sourceTree = "<group>"; };
		1F1E672C1E6546BA0099A8A1 /* MyAssertHandler.m */ = {isa = PBXFileReference; fileEncoding = 4; lastKnownFileType = sourcecode.c.objc; path = MyAssertHandler.m; sourceTree = "<group>"; };
/* End PBXFileReference section */

/* Begin PBXFrameworksBuildPhase section */
		1F1E67001E6544C30099A8A1 /* Frameworks */ = {
			isa = PBXFrameworksBuildPhase;
			buildActionMask = 2147483647;
			files = (
			);
			runOnlyForDeploymentPostprocessing = 0;
		};
		1F1E67191E6544C30099A8A1 /* Frameworks */ = {
			isa = PBXFrameworksBuildPhase;
			buildActionMask = 2147483647;
			files = (
			);
			runOnlyForDeploymentPostprocessing = 0;
		};
/* End PBXFrameworksBuildPhase section */

/* Begin PBXGroup section */
		1F1E66FA1E6544C30099A8A1 = {
			isa = PBXGroup;
			children = (
				1F1E67051E6544C30099A8A1 /* NSAssert */,
				1F1E671F1E6544C30099A8A1 /* NSAssertUITests */,
				1F1E67041E6544C30099A8A1 /* Products */,
			);
			sourceTree = "<group>";
		};
		1F1E67041E6544C30099A8A1 /* Products */ = {
			isa = PBXGroup;
			children = (
				1F1E67031E6544C30099A8A1 /* NSAssert.app */,
				1F1E671C1E6544C30099A8A1 /* NSAssertUITests.xctest */,
			);
			name = Products;
			sourceTree = "<group>";
		};
		1F1E67051E6544C30099A8A1 /* NSAssert */ = {
			isa = PBXGroup;
			children = (
				1F1E67091E6544C30099A8A1 /* AppDelegate.h */,
				1F1E670A1E6544C30099A8A1 /* AppDelegate.m */,
				1F1E670C1E6544C30099A8A1 /* ViewController.h */,
				1F1E670D1E6544C30099A8A1 /* ViewController.m */,
				1F1E672B1E6546BA0099A8A1 /* MyAssertHandler.h */,
				1F1E672C1E6546BA0099A8A1 /* MyAssertHandler.m */,
				1F1E670F1E6544C30099A8A1 /* Main.storyboard */,
				1F1E67121E6544C30099A8A1 /* Assets.xcassets */,
				1F1E67141E6544C30099A8A1 /* LaunchScreen.storyboard */,
				1F1E67171E6544C30099A8A1 /* Info.plist */,
				1F1E67061E6544C30099A8A1 /* Supporting Files */,
			);
			path = NSAssert;
			sourceTree = "<group>";
		};
		1F1E67061E6544C30099A8A1 /* Supporting Files */ = {
			isa = PBXGroup;
			children = (
				1F1E67071E6544C30099A8A1 /* main.m */,
			);
			name = "Supporting Files";
			sourceTree = "<group>";
		};
		1F1E671F1E6544C30099A8A1 /* NSAssertUITests */ = {
			isa = PBXGroup;
			children = (
				1F1E67201E6544C30099A8A1 /* NSAssertUITests.m */,
				1F1E67221E6544C30099A8A1 /* Info.plist */,
			);
			path = NSAssertUITests;
			sourceTree = "<group>";
		};
/* End PBXGroup section */

/* Begin PBXNativeTarget section */
		1F1E67021E6544C30099A8A1 /* NSAssert */ = {
			isa = PBXNativeTarget;
			buildConfigurationList = 1F1E67251E6544C30099A8A1 /* Build configuration list for PBXNativeTarget "NSAssert" */;
			buildPhases = (
				1F1E66FF1E6544C30099A8A1 /* Sources */,
				1F1E67001E6544C30099A8A1 /* Frameworks */,
				1F1E67011E6544C30099A8A1 /* Resources */,
			);
			buildRules = (
			);
			dependencies = (
			);
			name = NSAssert;
			productName = NSAssert;
			productReference = 1F1E67031E6544C30099A8A1 /* NSAssert.app */;
			productType = "com.apple.product-type.application";
		};
		1F1E671B1E6544C30099A8A1 /* NSAssertUITests */ = {
			isa = PBXNativeTarget;
			buildConfigurationList = 1F1E67281E6544C30099A8A1 /* Build configuration list for PBXNativeTarget "NSAssertUITests" */;
			buildPhases = (
				1F1E67181E6544C30099A8A1 /* Sources */,
				1F1E67191E6544C30099A8A1 /* Frameworks */,
				1F1E671A1E6544C30099A8A1 /* Resources */,
			);
			buildRules = (
			);
			dependencies = (
				1F1E671E1E6544C30099A8A1 /* PBXTargetDependency */,
			);
			name = NSAssertUITests;
			productName = NSAssertUITests;
			productReference = 1F1E671C1E6544C30099A8A1 /* NSAssertUITests.xctest */;
			productType = "com.apple.product-type.bundle.ui-testing";
		};
/* End PBXNativeTarget section */

/* Begin PBXProject section */
		1F1E66FB1E6544C30099A8A1 /* Project object */ = {
			isa = PBXProject;
			attributes = {
				LastUpgradeCheck = 0820;
				ORGANIZATIONNAME = "宗盛商业";
				TargetAttributes = {
					1F1E67021E6544C30099A8A1 = {
						CreatedOnToolsVersion = 8.2.1;
						DevelopmentTeam = BQ9TFQKXJU;
						ProvisioningStyle = Automatic;
					};
					1F1E671B1E6544C30099A8A1 = {
						CreatedOnToolsVersion = 8.2.1;
						DevelopmentTeam = BQ9TFQKXJU;
						ProvisioningStyle = Automatic;
						TestTargetID = 1F1E67021E6544C30099A8A1;
					};
				};
			};
			buildConfigurationList = 1F1E66FE1E6544C30099A8A1 /* Build configuration list for PBXProject "NSAssert" */;
			compatibilityVersion = "Xcode 3.2";
			developmentRegion = English;
			hasScannedForEncodings = 0;
			knownRegions = (
				en,
				Base,
			);
			mainGroup = 1F1E66FA1E6544C30099A8A1;
			productRefGroup = 1F1E67041E6544C30099A8A1 /* Products */;
			projectDirPath = "";
			projectRoot = "";
			targets = (
				1F1E67021E6544C30099A8A1 /* NSAssert */,
				1F1E671B1E6544C30099A8A1 /* NSAssertUITests */,
			);
		};
/* End PBXProject section */

/* Begin PBXResourcesBuildPhase section */
		1F1E67011E6544C30099A8A1 /* Resources */ = {
			isa = PBXResourcesBuildPhase;
			buildActionMask = 2147483647;
			files = (
				1F1E67161E6544C30099A8A1 /* LaunchScreen.storyboard in Resources */,
				1F1E67131E6544C30099A8A1 /* Assets.xcassets in Resources */,
				1F1E67111E6544C30099A8A1 /* Main.storyboard in Resources */,
			);
			runOnlyForDeploymentPostprocessing = 0;
		};
		1F1E671A1E6544C30099A8A1 /* Resources */ = {
			isa = PBXResourcesBuildPhase;
			buildActionMask = 2147483647;
			files = (
			);
			runOnlyForDeploymentPostprocessing = 0;
		};
/* End PBXResourcesBuildPhase section */

/* Begin PBXSourcesBuildPhase section */
		1F1E66FF1E6544C30099A8A1 /* Sources */ = {
			isa = PBXSourcesBuildPhase;
			buildActionMask = 2147483647;
			files = (
				1F1E670E1E6544C30099A8A1 /* ViewController.m in Sources */,
				1F1E670B1E6544C30099A8A1 /* AppDelegate.m in Sources */,
				1F1E672D1E6546BA0099A8A1 /* MyAssertHandler.m in Sources */,
				1F1E67081E6544C30099A8A1 /* main.m in Sources */,
			);
			runOnlyForDeploymentPostprocessing = 0;
		};
		1F1E67181E6544C30099A8A1 /* Sources */ = {
			isa = PBXSourcesBuildPhase;
			buildActionMask = 2147483647;
			files = (
				1F1E67211E6544C30099A8A1 /* NSAssertUITests.m in Sources */,
			);
			runOnlyForDeploymentPostprocessing = 0;
		};
/* End PBXSourcesBuildPhase section */

/* Begin PBXTargetDependency section */
		1F1E671E1E6544C30099A8A1 /* PBXTargetDependency */ = {
			isa = PBXTargetDependency;
			target = 1F1E67021E6544C30099A8A1 /* NSAssert */;
			targetProxy = 1F1E671D1E6544C30099A8A1 /* PBXContainerItemProxy */;
		};
/* End PBXTargetDependency section */

/* Begin PBXVariantGroup section */
		1F1E670F1E6544C30099A8A1 /* Main.storyboard */ = {
			isa = PBXVariantGroup;
			children = (
				1F1E67101E6544C30099A8A1 /* Base */,
			);
			name = Main.storyboard;
			sourceTree = "<group>";
		};
		1F1E67141E6544C30099A8A1 /* LaunchScreen.storyboard */ = {
			isa = PBXVariantGroup;
			children = (
				1F1E67151E6544C30099A8A1 /* Base */,
			);
			name = LaunchScreen.storyboard;
			sourceTree = "<group>";
		};
/* End PBXVariantGroup section */

/* Begin XCBuildConfiguration section */
		1F1E67231E6544C30099A8A1 /* Debug */ = {
			isa = XCBuildConfiguration;
			buildSettings = {
				ALWAYS_SEARCH_USER_PATHS = NO;
				CLANG_ANALYZER_NONNULL = YES;
				CLANG_CXX_LANGUAGE_STANDARD = "gnu++0x";
				CLANG_CXX_LIBRARY = "libc++";
				CLANG_ENABLE_MODULES = YES;
				CLANG_ENABLE_OBJC_ARC = YES;
				CLANG_WARN_BOOL_CONVERSION = YES;
				CLANG_WARN_CONSTANT_CONVERSION = YES;
				CLANG_WARN_DIRECT_OBJC_ISA_USAGE = YES_ERROR;
				CLANG_WARN_DOCUMENTATION_COMMENTS = YES;
				CLANG_WARN_EMPTY_BODY = YES;
				CLANG_WARN_ENUM_CONVERSION = YES;
				CLANG_WARN_INFINITE_RECURSION = YES;
				CLANG_WARN_INT_CONVERSION = YES;
				CLANG_WARN_OBJC_ROOT_CLASS = YES_ERROR;
				CLANG_WARN_SUSPICIOUS_MOVE = YES;
				CLANG_WARN_UNREACHABLE_CODE = YES;
				CLANG_WARN__DUPLICATE_METHOD_MATCH = YES;
				"CODE_SIGN_IDENTITY[sdk=iphoneos*]" = "iPhone Developer";
				COPY_PHASE_STRIP = NO;
				DEBUG_INFORMATION_FORMAT = dwarf;
				ENABLE_STRICT_OBJC_MSGSEND = YES;
				ENABLE_TESTABILITY = YES;
				GCC_C_LANGUAGE_STANDARD = gnu99;
				GCC_DYNAMIC_NO_PIC = NO;
				GCC_NO_COMMON_BLOCKS = YES;
				GCC_OPTIMIZATION_LEVEL = 0;
				GCC_PREPROCESSOR_DEFINITIONS = (
					"DEBUG=1",
					"$(inherited)",
				);
				GCC_WARN_64_TO_32_BIT_CONVERSION = YES;
				GCC_WARN_ABOUT_RETURN_TYPE = YES_ERROR;
				GCC_WARN_UNDECLARED_SELECTOR = YES;
				GCC_WARN_UNINITIALIZED_AUTOS = YES_AGGRESSIVE;
				GCC_WARN_UNUSED_FUNCTION = YES;
				GCC_WARN_UNUSED_VARIABLE = YES;
				IPHONEOS_DEPLOYMENT_TARGET = 10.2;
				MTL_ENABLE_DEBUG_INFO = YES;
				ONLY_ACTIVE_ARCH = YES;
				SDKROOT = iphoneos;
			};
			name = Debug;
		};
		1F1E67241E6544C30099A8A1 /* Release */ = {
			isa = XCBuildConfiguration;
			buildSettings = {
				ALWAYS_SEARCH_USER_PATHS = NO;
				CLANG_ANALYZER_NONNULL = YES;
				CLANG_CXX_LANGUAGE_STANDARD = "gnu++0x";
				CLANG_CXX_LIBRARY = "libc++";
				CLANG_ENABLE_MODULES = YES;
				CLANG_ENABLE_OBJC_ARC = YES;
				CLANG_WARN_BOOL_CONVERSION = YES;
				CLANG_WARN_CONSTANT_CONVERSION = YES;
				CLANG_WARN_DIRECT_OBJC_ISA_USAGE = YES_ERROR;
				CLANG_WARN_DOCUMENTATION_COMMENTS = YES;
				CLANG_WARN_EMPTY_BODY = YES;
				CLANG_WARN_ENUM_CONVERSION = YES;
				CLANG_WARN_INFINITE_RECURSION = YES;
				CLANG_WARN_INT_CONVERSION = YES;
				CLANG_WARN_OBJC_ROOT_CLASS = YES_ERROR;
				CLANG_WARN_SUSPICIOUS_MOVE = YES;
				CLANG_WARN_UNREACHABLE_CODE = YES;
				CLANG_WARN__DUPLICATE_METHOD_MATCH = YES;
				"CODE_SIGN_IDENTITY[sdk=iphoneos*]" = "iPhone Developer";
				COPY_PHASE_STRIP = NO;
				DEBUG_INFORMATION_FORMAT = "dwarf-with-dsym";
				ENABLE_NS_ASSERTIONS = NO;
				ENABLE_STRICT_OBJC_MSGSEND = YES;
				GCC_C_LANGUAGE_STANDARD = gnu99;
				GCC_NO_COMMON_BLOCKS = YES;
				GCC_WARN_64_TO_32_BIT_CONVERSION = YES;
				GCC_WARN_ABOUT_RETURN_TYPE = YES_ERROR;
				GCC_WARN_UNDECLARED_SELECTOR = YES;
				GCC_WARN_UNINITIALIZED_AUTOS = YES_AGGRESSIVE;
				GCC_WARN_UNUSED_FUNCTION = YES;
				GCC_WARN_UNUSED_VARIABLE = YES;
				IPHONEOS_DEPLOYMENT_TARGET = 10.2;
				MTL_ENABLE_DEBUG_INFO = NO;
				SDKROOT = iphoneos;
				VALIDATE_PRODUCT = YES;
			};
			name = Release;
		};
		1F1E67261E6544C30099A8A1 /* Debug */ = {
			isa = XCBuildConfiguration;
			buildSettings = {
				ASSETCATALOG_COMPILER_APPICON_NAME = AppIcon;
				DEVELOPMENT_TEAM = BQ9TFQKXJU;
				INFOPLIST_FILE = NSAssert/Info.plist;
				LD_RUNPATH_SEARCH_PATHS = "$(inherited) @executable_path/Frameworks";
				PRODUCT_BUNDLE_IDENTIFIER = com.zssy.AM.Fire;
				PRODUCT_NAME = "$(TARGET_NAME)";
			};
			name = Debug;
		};
		1F1E67271E6544C30099A8A1 /* Release */ = {
			isa = XCBuildConfiguration;
			buildSettings = {
				ASSETCATALOG_COMPILER_APPICON_NAME = AppIcon;
				DEVELOPMENT_TEAM = BQ9TFQKXJU;
				INFOPLIST_FILE = NSAssert/Info.plist;
				LD_RUNPATH_SEARCH_PATHS = "$(inherited) @executable_path/Frameworks";
				PRODUCT_BUNDLE_IDENTIFIER = com.zssy.AM.Fire;
				PRODUCT_NAME = "$(TARGET_NAME)";
			};
			name = Release;
		};
		1F1E67291E6544C30099A8A1 /* Debug */ = {
			isa = XCBuildConfiguration;
			buildSettings = {
				DEVELOPMENT_TEAM = BQ9TFQKXJU;
				INFOPLIST_FILE = NSAssertUITests/Info.plist;
				LD_RUNPATH_SEARCH_PATHS = "$(inherited) @executable_path/Frameworks @loader_path/Frameworks";
				PRODUCT_BUNDLE_IDENTIFIER = com.zssy.AM.NSAssertUITests;
				PRODUCT_NAME = "$(TARGET_NAME)";
				TEST_TARGET_NAME = NSAssert;
			};
			name = Debug;
		};
		1F1E672A1E6544C30099A8A1 /* Release */ = {
			isa = XCBuildConfiguration;
			buildSettings = {
				DEVELOPMENT_TEAM = BQ9TFQKXJU;
				INFOPLIST_FILE = NSAssertUITests/Info.plist;
				LD_RUNPATH_SEARCH_PATHS = "$(inherited) @executable_path/Frameworks @loader_path/Frameworks";
				PRODUCT_BUNDLE_IDENTIFIER = com.zssy.AM.NSAssertUITests;
				PRODUCT_NAME = "$(TARGET_NAME)";
				TEST_TARGET_NAME = NSAssert;
			};
			name = Release;
		};
/* End XCBuildConfiguration section */

/* Begin XCConfigurationList section */
		1F1E66FE1E6544C30099A8A1 /* Build configuration list for PBXProject "NSAssert" */ = {
			isa = XCConfigurationList;
			buildConfigurations = (
				1F1E67231E6544C30099A8A1 /* Debug */,
				1F1E67241E6544C30099A8A1 /* Release */,
			);
			defaultConfigurationIsVisible = 0;
			defaultConfigurationName = Release;
		};
		1F1E67251E6544C30099A8A1 /* Build configuration list for PBXNativeTarget "NSAssert" */ = {
			isa = XCConfigurationList;
			buildConfigurations = (
				1F1E67261E6544C30099A8A1 /* Debug */,
				1F1E67271E6544C30099A8A1 /* Release */,
			);
			defaultConfigurationIsVisible = 0;
		};
		1F1E67281E6544C30099A8A1 /* Build configuration list for PBXNativeTarget "NSAssertUITests" */ = {
			isa = XCConfigurationList;
			buildConfigurations = (
				1F1E67291E6544C30099A8A1 /* Debug */,
				1F1E672A1E6544C30099A8A1 /* Release */,
			);
			defaultConfigurationIsVisible = 0;
		};
/* End XCConfigurationList section */
	};
	rootObject = 1F1E66FB1E6544C30099A8A1 /* Project object */;
}
